
Microsoft Visual Studio Solution File, Format Version 12.00
# Visual Studio Version 17
VisualStudioVersion = 17.6.33829.357
MinimumVisualStudioVersion = 10.0.40219.1
Project("{9A19103F-16F7-4668-BE54-9A1E7A4F7556}") = "PlatformService", "PlatformService.csproj", "{D6451D40-C65B-4D35-A45F-9BF2043B5F49}"
EndProject
Global
	GlobalSection(SolutionConfigurationPlatforms) = preSolution
		Debug|Any CPU = Debug|Any CPU
		Release|Any CPU = Release|Any CPU
	EndGlobalSection
	GlobalSection(ProjectConfigurationPlatforms) = postSolution
		{D6451D40-C65B-4D35-A45F-9BF2043B5F49}.Debug|Any CPU.ActiveCfg = Debug|Any CPU
		{D6451D40-C65B-4D35-A45F-9BF2043B5F49}.Debug|Any CPU.Build.0 = Debug|Any CPU
		{D6451D40-C65B-4D35-A45F-9BF2043B5F49}.Release|Any CPU.ActiveCfg = Release|Any CPU
		{D6451D40-C65B-4D35-A45F-9BF2043B5F49}.Release|Any CPU.Build.0 = Release|Any CPU
	EndGlobalSection
	GlobalSection(SolutionProperties) = preSolution
		HideSolutionNode = FALSE
	EndGlobalSection
	GlobalSection(ExtensibilityGlobals) = postSolution
		SolutionGuid = {9A1A5A6F-CB7B-4D69-BADB-9C92DF2F3752}
	EndGlobalSection
EndGlobal
